// !$*UTF8*$!
{
	archiveVersion = 1;
	classes = {
	};
	objectVersion = 56;
	objects = {

/* Begin PBXBuildFile section */
		1D42FE2428EEF6F8003B1052 /* ContactListViewModel.swift in Sources */ = {isa = PBXBuildFile; fileRef = 1D42FE2328EEF6F8003B1052 /* ContactListViewModel.swift */; };
		1D42FE2628EF3638003B1052 /* ImagePicker.swift in Sources */ = {isa = PBXBuildFile; fileRef = 1D42FE2528EF3638003B1052 /* ImagePicker.swift */; };
		1D42FE2928EF3B20003B1052 /* CircleImage.swift in Sources */ = {isa = PBXBuildFile; fileRef = 1D42FE2828EF3B20003B1052 /* CircleImage.swift */; };
		1D63989728E57BA20010191F /* ContactListApp.swift in Sources */ = {isa = PBXBuildFile; fileRef = 1D63989628E57BA20010191F /* ContactListApp.swift */; };
		1D63989B28E57BA50010191F /* Assets.xcassets in Resources */ = {isa = PBXBuildFile; fileRef = 1D63989A28E57BA50010191F /* Assets.xcassets */; };
		1D63989E28E57BA50010191F /* Preview Assets.xcassets in Resources */ = {isa = PBXBuildFile; fileRef = 1D63989D28E57BA50010191F /* Preview Assets.xcassets */; };
		1D6398A028E57BA50010191F /* Persistence.swift in Sources */ = {isa = PBXBuildFile; fileRef = 1D63989F28E57BA50010191F /* Persistence.swift */; };
		1D6398A328E57BA50010191F /* ContactList.xcdatamodeld in Sources */ = {isa = PBXBuildFile; fileRef = 1D6398A128E57BA50010191F /* ContactList.xcdatamodeld */; };
		1D6398AD28E57BA50010191F /* ContactListTests.swift in Sources */ = {isa = PBXBuildFile; fileRef = 1D6398AC28E57BA50010191F /* ContactListTests.swift */; };
		1D6398B728E57BA50010191F /* ContactListUITests.swift in Sources */ = {isa = PBXBuildFile; fileRef = 1D6398B628E57BA50010191F /* ContactListUITests.swift */; };
		1D6398B928E57BA50010191F /* ContactListUITestsLaunchTests.swift in Sources */ = {isa = PBXBuildFile; fileRef = 1D6398B828E57BA50010191F /* ContactListUITestsLaunchTests.swift */; };
		1D6EC44C28ED807E00A1CF9C /* AddContactViewModel.swift in Sources */ = {isa = PBXBuildFile; fileRef = 1D6EC44B28ED807E00A1CF9C /* AddContactViewModel.swift */; };
		1D6EC44E28ED81A100A1CF9C /* ContactValues.swift in Sources */ = {isa = PBXBuildFile; fileRef = 1D6EC44D28ED81A100A1CF9C /* ContactValues.swift */; };
		1DA6552528E59E0900111FE8 /* ContactRow.swift in Sources */ = {isa = PBXBuildFile; fileRef = 1DA6552428E59E0800111FE8 /* ContactRow.swift */; };
		1DA6552728E5CD1300111FE8 /* ContactList.swift in Sources */ = {isa = PBXBuildFile; fileRef = 1DA6552628E5CD1300111FE8 /* ContactList.swift */; };
		1DA6552D28E5DB7F00111FE8 /* AddContactView.swift in Sources */ = {isa = PBXBuildFile; fileRef = 1DA6552C28E5DB7F00111FE8 /* AddContactView.swift */; };
/* End PBXBuildFile section */

/* Begin PBXContainerItemProxy section */
		1D6398A928E57BA50010191F /* PBXContainerItemProxy */ = {
			isa = PBXContainerItemProxy;
			containerPortal = 1D63988B28E57BA20010191F /* Project object */;
			proxyType = 1;
			remoteGlobalIDString = 1D63989228E57BA20010191F;
			remoteInfo = ContactList;
		};
		1D6398B328E57BA50010191F /* PBXContainerItemProxy */ = {
			isa = PBXContainerItemProxy;
			containerPortal = 1D63988B28E57BA20010191F /* Project object */;
			proxyType = 1;
			remoteGlobalIDString = 1D63989228E57BA20010191F;
			remoteInfo = ContactList;
		};
/* End PBXContainerItemProxy section */

/* Begin PBXFileReference section */
		1D42FE2328EEF6F8003B1052 /* ContactListViewModel.swift */ = {isa = PBXFileReference; lastKnownFileType = sourcecode.swift; path = ContactListViewModel.swift; sourceTree = "<group>"; };
		1D42FE2528EF3638003B1052 /* ImagePicker.swift */ = {isa = PBXFileReference; lastKnownFileType = sourcecode.swift; path = ImagePicker.swift; sourceTree = "<group>"; };
		1D42FE2828EF3B20003B1052 /* CircleImage.swift */ = {isa = PBXFileReference; lastKnownFileType = sourcecode.swift; path = CircleImage.swift; sourceTree = "<group>"; };
		1D63989328E57BA20010191F /* ContactList.app */ = {isa = PBXFileReference; explicitFileType = wrapper.application; includeInIndex = 0; path = ContactList.app; sourceTree = BUILT_PRODUCTS_DIR; };
		1D63989628E57BA20010191F /* ContactListApp.swift */ = {isa = PBXFileReference; lastKnownFileType = sourcecode.swift; path = ContactListApp.swift; sourceTree = "<group>"; };
		1D63989A28E57BA50010191F /* Assets.xcassets */ = {isa = PBXFileReference; lastKnownFileType = folder.assetcatalog; path = Assets.xcassets; sourceTree = "<group>"; };
		1D63989D28E57BA50010191F /* Preview Assets.xcassets */ = {isa = PBXFileReference; lastKnownFileType = folder.assetcatalog; path = "Preview Assets.xcassets"; sourceTree = "<group>"; };
		1D63989F28E57BA50010191F /* Persistence.swift */ = {isa = PBXFileReference; lastKnownFileType = sourcecode.swift; path = Persistence.swift; sourceTree = "<group>"; };
		1D6398A228E57BA50010191F /* ContactList.xcdatamodel */ = {isa = PBXFileReference; lastKnownFileType = wrapper.xcdatamodel; path = ContactList.xcdatamodel; sourceTree = "<group>"; };
		1D6398A828E57BA50010191F /* ContactListTests.xctest */ = {isa = PBXFileReference; explicitFileType = wrapper.cfbundle; includeInIndex = 0; path = ContactListTests.xctest; sourceTree = BUILT_PRODUCTS_DIR; };
		1D6398AC28E57BA50010191F /* ContactListTests.swift */ = {isa = PBXFileReference; lastKnownFileType = sourcecode.swift; path = ContactListTests.swift; sourceTree = "<group>"; };
		1D6398B228E57BA50010191F /* ContactListUITests.xctest */ = {isa = PBXFileReference; explicitFileType = wrapper.cfbundle; includeInIndex = 0; path = ContactListUITests.xctest; sourceTree = BUILT_PRODUCTS_DIR; };
		1D6398B628E57BA50010191F /* ContactListUITests.swift */ = {isa = PBXFileReference; lastKnownFileType = sourcecode.swift; path = ContactListUITests.swift; sourceTree = "<group>"; };
		1D6398B828E57BA50010191F /* ContactListUITestsLaunchTests.swift */ = {isa = PBXFileReference; lastKnownFileType = sourcecode.swift; path = ContactListUITestsLaunchTests.swift; sourceTree = "<group>"; };
		1D6EC44B28ED807E00A1CF9C /* AddContactViewModel.swift */ = {isa = PBXFileReference; lastKnownFileType = sourcecode.swift; path = AddContactViewModel.swift; sourceTree = "<group>"; };
		1D6EC44D28ED81A100A1CF9C /* ContactValues.swift */ = {isa = PBXFileReference; lastKnownFileType = sourcecode.swift; path = ContactValues.swift; sourceTree = "<group>"; };
		1DA6552428E59E0800111FE8 /* ContactRow.swift */ = {isa = PBXFileReference; lastKnownFileType = sourcecode.swift; path = ContactRow.swift; sourceTree = "<group>"; };
		1DA6552628E5CD1300111FE8 /* ContactList.swift */ = {isa = PBXFileReference; lastKnownFileType = sourcecode.swift; path = ContactList.swift; sourceTree = "<group>"; };
		1DA6552C28E5DB7F00111FE8 /* AddContactView.swift */ = {isa = PBXFileReference; lastKnownFileType = sourcecode.swift; path = AddContactView.swift; sourceTree = "<group>"; };
/* End PBXFileReference section */

/* Begin PBXFrameworksBuildPhase section */
		1D63989028E57BA20010191F /* Frameworks */ = {
			isa = PBXFrameworksBuildPhase;
			buildActionMask = 2147483647;
			files = (
			);
			runOnlyForDeploymentPostprocessing = 0;
		};
		1D6398A528E57BA50010191F /* Frameworks */ = {
			isa = PBXFrameworksBuildPhase;
			buildActionMask = 2147483647;
			files = (
			);
			runOnlyForDeploymentPostprocessing = 0;
		};
		1D6398AF28E57BA50010191F /* Frameworks */ = {
			isa = PBXFrameworksBuildPhase;
			buildActionMask = 2147483647;
			files = (
			);
			runOnlyForDeploymentPostprocessing = 0;
		};
/* End PBXFrameworksBuildPhase section */

/* Begin PBXGroup section */
		1D42FE2728EF3AFE003B1052 /* Helpers */ = {
			isa = PBXGroup;
			children = (
				1D42FE2528EF3638003B1052 /* ImagePicker.swift */,
				1D42FE2828EF3B20003B1052 /* CircleImage.swift */,
			);
			path = Helpers;
			sourceTree = "<group>";
		};
		1D63988A28E57BA20010191F = {
			isa = PBXGroup;
			children = (
				1D63989528E57BA20010191F /* ContactList */,
				1D6398AB28E57BA50010191F /* ContactListTests */,
				1D6398B528E57BA50010191F /* ContactListUITests */,
				1D63989428E57BA20010191F /* Products */,
			);
			sourceTree = "<group>";
		};
		1D63989428E57BA20010191F /* Products */ = {
			isa = PBXGroup;
			children = (
				1D63989328E57BA20010191F /* ContactList.app */,
				1D6398A828E57BA50010191F /* ContactListTests.xctest */,
				1D6398B228E57BA50010191F /* ContactListUITests.xctest */,
			);
			name = Products;
			sourceTree = "<group>";
		};
		1D63989528E57BA20010191F /* ContactList */ = {
			isa = PBXGroup;
			children = (
				1D63989628E57BA20010191F /* ContactListApp.swift */,
				1D6398C828E58B670010191F /* ViewModel */,
				1D6398C728E586700010191F /* Views */,
				1D42FE2728EF3AFE003B1052 /* Helpers */,
				1D6398C628E586570010191F /* Model */,
				1D63989A28E57BA50010191F /* Assets.xcassets */,
				1D63989F28E57BA50010191F /* Persistence.swift */,
				1D6398A128E57BA50010191F /* ContactList.xcdatamodeld */,
				1D63989C28E57BA50010191F /* Preview Content */,
			);
			path = ContactList;
			sourceTree = "<group>";
		};
		1D63989C28E57BA50010191F /* Preview Content */ = {
			isa = PBXGroup;
			children = (
				1D63989D28E57BA50010191F /* Preview Assets.xcassets */,
			);
			path = "Preview Content";
			sourceTree = "<group>";
		};
		1D6398AB28E57BA50010191F /* ContactListTests */ = {
			isa = PBXGroup;
			children = (
				1D6398AC28E57BA50010191F /* ContactListTests.swift */,
			);
			path = ContactListTests;
			sourceTree = "<group>";
		};
		1D6398B528E57BA50010191F /* ContactListUITests */ = {
			isa = PBXGroup;
			children = (
				1D6398B628E57BA50010191F /* ContactListUITests.swift */,
				1D6398B828E57BA50010191F /* ContactListUITestsLaunchTests.swift */,
			);
			path = ContactListUITests;
			sourceTree = "<group>";
		};
		1D6398C628E586570010191F /* Model */ = {
			isa = PBXGroup;
			children = (
				1D6EC44D28ED81A100A1CF9C /* ContactValues.swift */,
			);
			path = Model;
			sourceTree = "<group>";
		};
		1D6398C728E586700010191F /* Views */ = {
			isa = PBXGroup;
			children = (
				1DA6552328E59DCE00111FE8 /* Contact */,
			);
			path = Views;
			sourceTree = "<group>";
		};
		1D6398C828E58B670010191F /* ViewModel */ = {
			isa = PBXGroup;
			children = (
				1D6EC44B28ED807E00A1CF9C /* AddContactViewModel.swift */,
				1D42FE2328EEF6F8003B1052 /* ContactListViewModel.swift */,
			);
			path = ViewModel;
			sourceTree = "<group>";
		};
		1DA6552328E59DCE00111FE8 /* Contact */ = {
			isa = PBXGroup;
			children = (
				1DA6552428E59E0800111FE8 /* ContactRow.swift */,
				1DA6552628E5CD1300111FE8 /* ContactList.swift */,
				1DA6552C28E5DB7F00111FE8 /* AddContactView.swift */,
			);
			path = Contact;
			sourceTree = "<group>";
		};
/* End PBXGroup section */

/* Begin PBXNativeTarget section */
		1D63989228E57BA20010191F /* ContactList */ = {
			isa = PBXNativeTarget;
			buildConfigurationList = 1D6398BC28E57BA50010191F /* Build configuration list for PBXNativeTarget "ContactList" */;
			buildPhases = (
				1D63988F28E57BA20010191F /* Sources */,
				1D63989028E57BA20010191F /* Frameworks */,
				1D63989128E57BA20010191F /* Resources */,
			);
			buildRules = (
			);
			dependencies = (
			);
			name = ContactList;
			productName = ContactList;
			productReference = 1D63989328E57BA20010191F /* ContactList.app */;
			productType = "com.apple.product-type.application";
		};
		1D6398A728E57BA50010191F /* ContactListTests */ = {
			isa = PBXNativeTarget;
			buildConfigurationList = 1D6398BF28E57BA50010191F /* Build configuration list for PBXNativeTarget "ContactListTests" */;
			buildPhases = (
				1D6398A428E57BA50010191F /* Sources */,
				1D6398A528E57BA50010191F /* Frameworks */,
				1D6398A628E57BA50010191F /* Resources */,
			);
			buildRules = (
			);
			dependencies = (
				1D6398AA28E57BA50010191F /* PBXTargetDependency */,
			);
			name = ContactListTests;
			productName = ContactListTests;
			productReference = 1D6398A828E57BA50010191F /* ContactListTests.xctest */;
			productType = "com.apple.product-type.bundle.unit-test";
		};
		1D6398B128E57BA50010191F /* ContactListUITests */ = {
			isa = PBXNativeTarget;
			buildConfigurationList = 1D6398C228E57BA50010191F /* Build configuration list for PBXNativeTarget "ContactListUITests" */;
			buildPhases = (
				1D6398AE28E57BA50010191F /* Sources */,
				1D6398AF28E57BA50010191F /* Frameworks */,
				1D6398B028E57BA50010191F /* Resources */,
			);
			buildRules = (
			);
			dependencies = (
				1D6398B428E57BA50010191F /* PBXTargetDependency */,
			);
			name = ContactListUITests;
			productName = ContactListUITests;
			productReference = 1D6398B228E57BA50010191F /* ContactListUITests.xctest */;
			productType = "com.apple.product-type.bundle.ui-testing";
		};
/* End PBXNativeTarget section */

/* Begin PBXProject section */
		1D63988B28E57BA20010191F /* Project object */ = {
			isa = PBXProject;
			attributes = {
				BuildIndependentTargetsInParallel = 1;
				LastSwiftUpdateCheck = 1400;
				LastUpgradeCheck = 1400;
				TargetAttributes = {
					1D63989228E57BA20010191F = {
						CreatedOnToolsVersion = 14.0.1;
					};
					1D6398A728E57BA50010191F = {
						CreatedOnToolsVersion = 14.0.1;
						TestTargetID = 1D63989228E57BA20010191F;
					};
					1D6398B128E57BA50010191F = {
						CreatedOnToolsVersion = 14.0.1;
						TestTargetID = 1D63989228E57BA20010191F;
					};
				};
			};
			buildConfigurationList = 1D63988E28E57BA20010191F /* Build configuration list for PBXProject "ContactList" */;
			compatibilityVersion = "Xcode 14.0";
			developmentRegion = en;
			hasScannedForEncodings = 0;
			knownRegions = (
				en,
				Base,
			);
			mainGroup = 1D63988A28E57BA20010191F;
			productRefGroup = 1D63989428E57BA20010191F /* Products */;
			projectDirPath = "";
			projectRoot = "";
			targets = (
				1D63989228E57BA20010191F /* ContactList */,
				1D6398A728E57BA50010191F /* ContactListTests */,
				1D6398B128E57BA50010191F /* ContactListUITests */,
			);
		};
/* End PBXProject section */

/* Begin PBXResourcesBuildPhase section */
		1D63989128E57BA20010191F /* Resources */ = {
			isa = PBXResourcesBuildPhase;
			buildActionMask = 2147483647;
			files = (
				1D63989E28E57BA50010191F /* Preview Assets.xcassets in Resources */,
				1D63989B28E57BA50010191F /* Assets.xcassets in Resources */,
			);
			runOnlyForDeploymentPostprocessing = 0;
		};
		1D6398A628E57BA50010191F /* Resources */ = {
			isa = PBXResourcesBuildPhase;
			buildActionMask = 2147483647;
			files = (
			);
			runOnlyForDeploymentPostprocessing = 0;
		};
		1D6398B028E57BA50010191F /* Resources */ = {
			isa = PBXResourcesBuildPhase;
			buildActionMask = 2147483647;
			files = (
			);
			runOnlyForDeploymentPostprocessing = 0;
		};
/* End PBXResourcesBuildPhase section */

/* Begin PBXSourcesBuildPhase section */
		1D63988F28E57BA20010191F /* Sources */ = {
			isa = PBXSourcesBuildPhase;
			buildActionMask = 2147483647;
			files = (
				1DA6552728E5CD1300111FE8 /* ContactList.swift in Sources */,
				1DA6552D28E5DB7F00111FE8 /* AddContactView.swift in Sources */,
				1D6EC44E28ED81A100A1CF9C /* ContactValues.swift in Sources */,
				1D6EC44C28ED807E00A1CF9C /* AddContactViewModel.swift in Sources */,
				1D6398A328E57BA50010191F /* ContactList.xcdatamodeld in Sources */,
				1D42FE2428EEF6F8003B1052 /* ContactListViewModel.swift in Sources */,
				1DA6552528E59E0900111FE8 /* ContactRow.swift in Sources */,
				1D42FE2628EF3638003B1052 /* ImagePicker.swift in Sources */,
				1D42FE2928EF3B20003B1052 /* CircleImage.swift in Sources */,
				1D6398A028E57BA50010191F /* Persistence.swift in Sources */,
				1D63989728E57BA20010191F /* ContactListApp.swift in Sources */,
			);
			runOnlyForDeploymentPostprocessing = 0;
		};
		1D6398A428E57BA50010191F /* Sources */ = {
			isa = PBXSourcesBuildPhase;
			buildActionMask = 2147483647;
			files = (
				1D6398AD28E57BA50010191F /* ContactListTests.swift in Sources */,
			);
			runOnlyForDeploymentPostprocessing = 0;
		};
		1D6398AE28E57BA50010191F /* Sources */ = {
			isa = PBXSourcesBuildPhase;
			buildActionMask = 2147483647;
			files = (
				1D6398B728E57BA50010191F /* ContactListUITests.swift in Sources */,
				1D6398B928E57BA50010191F /* ContactListUITestsLaunchTests.swift in Sources */,
			);
			runOnlyForDeploymentPostprocessing = 0;
		};
/* End PBXSourcesBuildPhase section */

/* Begin PBXTargetDependency section */
		1D6398AA28E57BA50010191F /* PBXTargetDependency */ = {
			isa = PBXTargetDependency;
			target = 1D63989228E57BA20010191F /* ContactList */;
			targetProxy = 1D6398A928E57BA50010191F /* PBXContainerItemProxy */;
		};
		1D6398B428E57BA50010191F /* PBXTargetDependency */ = {
			isa = PBXTargetDependency;
			target = 1D63989228E57BA20010191F /* ContactList */;
			targetProxy = 1D6398B328E57BA50010191F /* PBXContainerItemProxy */;
		};
/* End PBXTargetDependency section */

/* Begin XCBuildConfiguration section */
		1D6398BA28E57BA50010191F /* Debug */ = {
			isa = XCBuildConfiguration;
			buildSettings = {
				ALWAYS_SEARCH_USER_PATHS = NO;
				CLANG_ANALYZER_NONNULL = YES;
				CLANG_ANALYZER_NUMBER_OBJECT_CONVERSION = YES_AGGRESSIVE;
				CLANG_CXX_LANGUAGE_STANDARD = "gnu++20";
				CLANG_ENABLE_MODULES = YES;
				CLANG_ENABLE_OBJC_ARC = YES;
				CLANG_ENABLE_OBJC_WEAK = YES;
				CLANG_WARN_BLOCK_CAPTURE_AUTORELEASING = YES;
				CLANG_WARN_BOOL_CONVERSION = YES;
				CLANG_WARN_COMMA = YES;
				CLANG_WARN_CONSTANT_CONVERSION = YES;
				CLANG_WARN_DEPRECATED_OBJC_IMPLEMENTATIONS = YES;
				CLANG_WARN_DIRECT_OBJC_ISA_USAGE = YES_ERROR;
				CLANG_WARN_DOCUMENTATION_COMMENTS = YES;
				CLANG_WARN_EMPTY_BODY = YES;
				CLANG_WARN_ENUM_CONVERSION = YES;
				CLANG_WARN_INFINITE_RECURSION = YES;
				CLANG_WARN_INT_CONVERSION = YES;
				CLANG_WARN_NON_LITERAL_NULL_CONVERSION = YES;
				CLANG_WARN_OBJC_IMPLICIT_RETAIN_SELF = YES;
				CLANG_WARN_OBJC_LITERAL_CONVERSION = YES;
				CLANG_WARN_OBJC_ROOT_CLASS = YES_ERROR;
				CLANG_WARN_QUOTED_INCLUDE_IN_FRAMEWORK_HEADER = YES;
				CLANG_WARN_RANGE_LOOP_ANALYSIS = YES;
				CLANG_WARN_STRICT_PROTOTYPES = YES;
				CLANG_WARN_SUSPICIOUS_MOVE = YES;
				CLANG_WARN_UNGUARDED_AVAILABILITY = YES_AGGRESSIVE;
				CLANG_WARN_UNREACHABLE_CODE = YES;
				CLANG_WARN__DUPLICATE_METHOD_MATCH = YES;
				COPY_PHASE_STRIP = NO;
				DEBUG_INFORMATION_FORMAT = dwarf;
				ENABLE_STRICT_OBJC_MSGSEND = YES;
				ENABLE_TESTABILITY = YES;
				GCC_C_LANGUAGE_STANDARD = gnu11;
				GCC_DYNAMIC_NO_PIC = NO;
				GCC_NO_COMMON_BLOCKS = YES;
				GCC_OPTIMIZATION_LEVEL = 0;
				GCC_PREPROCESSOR_DEFINITIONS = (
					"DEBUG=1",
					"$(inherited)",
				);
				GCC_WARN_64_TO_32_BIT_CONVERSION = YES;
				GCC_WARN_ABOUT_RETURN_TYPE = YES_ERROR;
				GCC_WARN_UNDECLARED_SELECTOR = YES;
				GCC_WARN_UNINITIALIZED_AUTOS = YES_AGGRESSIVE;
				GCC_WARN_UNUSED_FUNCTION = YES;
				GCC_WARN_UNUSED_VARIABLE = YES;
				IPHONEOS_DEPLOYMENT_TARGET = 16.0;
				MTL_ENABLE_DEBUG_INFO = INCLUDE_SOURCE;
				MTL_FAST_MATH = YES;
				ONLY_ACTIVE_ARCH = YES;
				SDKROOT = iphoneos;
				SWIFT_ACTIVE_COMPILATION_CONDITIONS = DEBUG;
				SWIFT_OPTIMIZATION_LEVEL = "-Onone";
			};
			name = Debug;
		};
		1D6398BB28E57BA50010191F /* Release */ = {
			isa = XCBuildConfiguration;
			buildSettings = {
				ALWAYS_SEARCH_USER_PATHS = NO;
				CLANG_ANALYZER_NONNULL = YES;
				CLANG_ANALYZER_NUMBER_OBJECT_CONVERSION = YES_AGGRESSIVE;
				CLANG_CXX_LANGUAGE_STANDARD = "gnu++20";
				CLANG_ENABLE_MODULES = YES;
				CLANG_ENABLE_OBJC_ARC = YES;
				CLANG_ENABLE_OBJC_WEAK = YES;
				CLANG_WARN_BLOCK_CAPTURE_AUTORELEASING = YES;
				CLANG_WARN_BOOL_CONVERSION = YES;
				CLANG_WARN_COMMA = YES;
				CLANG_WARN_CONSTANT_CONVERSION = YES;
				CLANG_WARN_DEPRECATED_OBJC_IMPLEMENTATIONS = YES;
				CLANG_WARN_DIRECT_OBJC_ISA_USAGE = YES_ERROR;
				CLANG_WARN_DOCUMENTATION_COMMENTS = YES;
				CLANG_WARN_EMPTY_BODY = YES;
				CLANG_WARN_ENUM_CONVERSION = YES;
				CLANG_WARN_INFINITE_RECURSION = YES;
				CLANG_WARN_INT_CONVERSION = YES;
				CLANG_WARN_NON_LITERAL_NULL_CONVERSION = YES;
				CLANG_WARN_OBJC_IMPLICIT_RETAIN_SELF = YES;
				CLANG_WARN_OBJC_LITERAL_CONVERSION = YES;
				CLANG_WARN_OBJC_ROOT_CLASS = YES_ERROR;
				CLANG_WARN_QUOTED_INCLUDE_IN_FRAMEWORK_HEADER = YES;
				CLANG_WARN_RANGE_LOOP_ANALYSIS = YES;
				CLANG_WARN_STRICT_PROTOTYPES = YES;
				CLANG_WARN_SUSPICIOUS_MOVE = YES;
				CLANG_WARN_UNGUARDED_AVAILABILITY = YES_AGGRESSIVE;
				CLANG_WARN_UNREACHABLE_CODE = YES;
				CLANG_WARN__DUPLICATE_METHOD_MATCH = YES;
				COPY_PHASE_STRIP = NO;
				DEBUG_INFORMATION_FORMAT = "dwarf-with-dsym";
				ENABLE_NS_ASSERTIONS = NO;
				ENABLE_STRICT_OBJC_MSGSEND = YES;
				GCC_C_LANGUAGE_STANDARD = gnu11;
				GCC_NO_COMMON_BLOCKS = YES;
				GCC_WARN_64_TO_32_BIT_CONVERSION = YES;
				GCC_WARN_ABOUT_RETURN_TYPE = YES_ERROR;
				GCC_WARN_UNDECLARED_SELECTOR = YES;
				GCC_WARN_UNINITIALIZED_AUTOS = YES_AGGRESSIVE;
				GCC_WARN_UNUSED_FUNCTION = YES;
				GCC_WARN_UNUSED_VARIABLE = YES;
				IPHONEOS_DEPLOYMENT_TARGET = 16.0;
				MTL_ENABLE_DEBUG_INFO = NO;
				MTL_FAST_MATH = YES;
				SDKROOT = iphoneos;
				SWIFT_COMPILATION_MODE = wholemodule;
				SWIFT_OPTIMIZATION_LEVEL = "-O";
				VALIDATE_PRODUCT = YES;
			};
			name = Release;
		};
		1D6398BD28E57BA50010191F /* Debug */ = {
			isa = XCBuildConfiguration;
			buildSettings = {
				ASSETCATALOG_COMPILER_APPICON_NAME = AppIcon;
				ASSETCATALOG_COMPILER_GLOBAL_ACCENT_COLOR_NAME = AccentColor;
				CODE_SIGN_STYLE = Automatic;
				CURRENT_PROJECT_VERSION = 1;
				DEVELOPMENT_ASSET_PATHS = "\"ContactList/Preview Content\"";
				DEVELOPMENT_TEAM = 37H5DH3ZLK;
				ENABLE_PREVIEWS = YES;
				GENERATE_INFOPLIST_FILE = YES;
				INFOPLIST_KEY_UIApplicationSceneManifest_Generation = YES;
				INFOPLIST_KEY_UIApplicationSupportsIndirectInputEvents = YES;
				INFOPLIST_KEY_UILaunchScreen_Generation = YES;
				INFOPLIST_KEY_UISupportedInterfaceOrientations_iPad = "UIInterfaceOrientationPortrait UIInterfaceOrientationPortraitUpsideDown UIInterfaceOrientationLandscapeLeft UIInterfaceOrientationLandscapeRight";
				INFOPLIST_KEY_UISupportedInterfaceOrientations_iPhone = "UIInterfaceOrientationPortrait UIInterfaceOrientationLandscapeLeft UIInterfaceOrientationLandscapeRight";
				LD_RUNPATH_SEARCH_PATHS = (
					"$(inherited)",
					"@executable_path/Frameworks",
				);
				MARKETING_VERSION = 1.0;
				PRODUCT_BUNDLE_IDENTIFIER = de.jessicaernst.ContactList;
				PRODUCT_NAME = "$(TARGET_NAME)";
				SWIFT_EMIT_LOC_STRINGS = YES;
				SWIFT_VERSION = 5.0;
				TARGETED_DEVICE_FAMILY = "1,2";
			};
			name = Debug;
		};
		1D6398BE28E57BA50010191F /* Release */ = {
			isa = XCBuildConfiguration;
			buildSettings = {
				ASSETCATALOG_COMPILER_APPICON_NAME = AppIcon;
				ASSETCATALOG_COMPILER_GLOBAL_ACCENT_COLOR_NAME = AccentColor;
				CODE_SIGN_STYLE = Automatic;
				CURRENT_PROJECT_VERSION = 1;
				DEVELOPMENT_ASSET_PATHS = "\"ContactList/Preview Content\"";
				DEVELOPMENT_TEAM = 37H5DH3ZLK;
				ENABLE_PREVIEWS = YES;
				GENERATE_INFOPLIST_FILE = YES;
				INFOPLIST_KEY_UIApplicationSceneManifest_Generation = YES;
				INFOPLIST_KEY_UIApplicationSupportsIndirectInputEvents = YES;
				INFOPLIST_KEY_UILaunchScreen_Generation = YES;
				INFOPLIST_KEY_UISupportedInterfaceOrientations_iPad = "UIInterfaceOrientationPortrait UIInterfaceOrientationPortraitUpsideDown UIInterfaceOrientationLandscapeLeft UIInterfaceOrientationLandscapeRight";
				INFOPLIST_KEY_UISupportedInterfaceOrientations_iPhone = "UIInterfaceOrientationPortrait UIInterfaceOrientationLandscapeLeft UIInterfaceOrientationLandscapeRight";
				LD_RUNPATH_SEARCH_PATHS = (
					"$(inherited)",
					"@executable_path/Frameworks",
				);
				MARKETING_VERSION = 1.0;
				PRODUCT_BUNDLE_IDENTIFIER = de.jessicaernst.ContactList;
				PRODUCT_NAME = "$(TARGET_NAME)";
				SWIFT_EMIT_LOC_STRINGS = YES;
				SWIFT_VERSION = 5.0;
				TARGETED_DEVICE_FAMILY = "1,2";
			};
			name = Release;
		};
		1D6398C028E57BA50010191F /* Debug */ = {
			isa = XCBuildConfiguration;
			buildSettings = {
				ALWAYS_EMBED_SWIFT_STANDARD_LIBRARIES = YES;
				BUNDLE_LOADER = "$(TEST_HOST)";
				CODE_SIGN_STYLE = Automatic;
				CURRENT_PROJECT_VERSION = 1;
				DEVELOPMENT_TEAM = 37H5DH3ZLK;
				GENERATE_INFOPLIST_FILE = YES;
				IPHONEOS_DEPLOYMENT_TARGET = 16.0;
				MARKETING_VERSION = 1.0;
				PRODUCT_BUNDLE_IDENTIFIER = de.jessicaernst.ContactListTests;
				PRODUCT_NAME = "$(TARGET_NAME)";
				SWIFT_EMIT_LOC_STRINGS = NO;
				SWIFT_VERSION = 5.0;
				TARGETED_DEVICE_FAMILY = "1,2";
				TEST_HOST = "$(BUILT_PRODUCTS_DIR)/ContactList.app/$(BUNDLE_EXECUTABLE_FOLDER_PATH)/ContactList";
			};
			name = Debug;
		};
		1D6398C128E57BA50010191F /* Release */ = {
			isa = XCBuildConfiguration;
			buildSettings = {
				ALWAYS_EMBED_SWIFT_STANDARD_LIBRARIES = YES;
				BUNDLE_LOADER = "$(TEST_HOST)";
				CODE_SIGN_STYLE = Automatic;
				CURRENT_PROJECT_VERSION = 1;
				DEVELOPMENT_TEAM = 37H5DH3ZLK;
				GENERATE_INFOPLIST_FILE = YES;
				IPHONEOS_DEPLOYMENT_TARGET = 16.0;
				MARKETING_VERSION = 1.0;
				PRODUCT_BUNDLE_IDENTIFIER = de.jessicaernst.ContactListTests;
				PRODUCT_NAME = "$(TARGET_NAME)";
				SWIFT_EMIT_LOC_STRINGS = NO;
				SWIFT_VERSION = 5.0;
				TARGETED_DEVICE_FAMILY = "1,2";
				TEST_HOST = "$(BUILT_PRODUCTS_DIR)/ContactList.app/$(BUNDLE_EXECUTABLE_FOLDER_PATH)/ContactList";
			};
			name = Release;
		};
		1D6398C328E57BA50010191F /* Debug */ = {
			isa = XCBuildConfiguration;
			buildSettings = {
				ALWAYS_EMBED_SWIFT_STANDARD_LIBRARIES = YES;
				CODE_SIGN_STYLE = Automatic;
				CURRENT_PROJECT_VERSION = 1;
				DEVELOPMENT_TEAM = 37H5DH3ZLK;
				GENERATE_INFOPLIST_FILE = YES;
				MARKETING_VERSION = 1.0;
				PRODUCT_BUNDLE_IDENTIFIER = de.jessicaernst.ContactListUITests;
				PRODUCT_NAME = "$(TARGET_NAME)";
				SWIFT_EMIT_LOC_STRINGS = NO;
				SWIFT_VERSION = 5.0;
				TARGETED_DEVICE_FAMILY = "1,2";
				TEST_TARGET_NAME = ContactList;
			};
			name = Debug;
		};
		1D6398C428E57BA50010191F /* Release */ = {
			isa = XCBuildConfiguration;
			buildSettings = {
				ALWAYS_EMBED_SWIFT_STANDARD_LIBRARIES = YES;
				CODE_SIGN_STYLE = Automatic;
				CURRENT_PROJECT_VERSION = 1;
				DEVELOPMENT_TEAM = 37H5DH3ZLK;
				GENERATE_INFOPLIST_FILE = YES;
				MARKETING_VERSION = 1.0;
				PRODUCT_BUNDLE_IDENTIFIER = de.jessicaernst.ContactListUITests;
				PRODUCT_NAME = "$(TARGET_NAME)";
				SWIFT_EMIT_LOC_STRINGS = NO;
				SWIFT_VERSION = 5.0;
				TARGETED_DEVICE_FAMILY = "1,2";
				TEST_TARGET_NAME = ContactList;
			};
			name = Release;
		};
/* End XCBuildConfiguration section */

/* Begin XCConfigurationList section */
		1D63988E28E57BA20010191F /* Build configuration list for PBXProject "ContactList" */ = {
			isa = XCConfigurationList;
			buildConfigurations = (
				1D6398BA28E57BA50010191F /* Debug */,
				1D6398BB28E57BA50010191F /* Release */,
			);
			defaultConfigurationIsVisible = 0;
			defaultConfigurationName = Release;
		};
		1D6398BC28E57BA50010191F /* Build configuration list for PBXNativeTarget "ContactList" */ = {
			isa = XCConfigurationList;
			buildConfigurations = (
				1D6398BD28E57BA50010191F /* Debug */,
				1D6398BE28E57BA50010191F /* Release */,
			);
			defaultConfigurationIsVisible = 0;
			defaultConfigurationName = Release;
		};
		1D6398BF28E57BA50010191F /* Build configuration list for PBXNativeTarget "ContactListTests" */ = {
			isa = XCConfigurationList;
			buildConfigurations = (
				1D6398C028E57BA50010191F /* Debug */,
				1D6398C128E57BA50010191F /* Release */,
			);
			defaultConfigurationIsVisible = 0;
			defaultConfigurationName = Release;
		};
		1D6398C228E57BA50010191F /* Build configuration list for PBXNativeTarget "ContactListUITests" */ = {
			isa = XCConfigurationList;
			buildConfigurations = (
				1D6398C328E57BA50010191F /* Debug */,
				1D6398C428E57BA50010191F /* Release */,
			);
			defaultConfigurationIsVisible = 0;
			defaultConfigurationName = Release;
		};
/* End XCConfigurationList section */

/* Begin XCVersionGroup section */
		1D6398A128E57BA50010191F /* ContactList.xcdatamodeld */ = {
			isa = XCVersionGroup;
			children = (
				1D6398A228E57BA50010191F /* ContactList.xcdatamodel */,
			);
			currentVersion = 1D6398A228E57BA50010191F /* ContactList.xcdatamodel */;
			path = ContactList.xcdatamodeld;
			sourceTree = "<group>";
			versionGroupType = wrapper.xcdatamodel;
		};
/* End XCVersionGroup section */
	};
	rootObject = 1D63988B28E57BA20010191F /* Project object */;
}
